
Microsoft Visual Studio Solution File, Format Version 12.00
# Visual Studio Version 16
VisualStudioVersion = 16.0.32901.82
MinimumVisualStudioVersion = 10.0.40219.1
Project("{FAE04EC0-301F-11D3-BF4B-00C04F79EFBC}") = "SG_Server_Project", "SG_Server_Project\SG_Server_Project.csproj", "{12ABCD53-5D9E-4EB0-8E7C-B3366B59C918}"
EndProject
Global
	GlobalSection(SolutionConfigurationPlatforms) = preSolution
		Debug|Any CPU = Debug|Any CPU
		Release|Any CPU = Release|Any CPU
	EndGlobalSection
	GlobalSection(ProjectConfigurationPlatforms) = postSolution
		{12ABCD53-5D9E-4EB0-8E7C-B3366B59C918}.Debug|Any CPU.ActiveCfg = Debug|Any CPU
		{12ABCD53-5D9E-4EB0-8E7C-B3366B59C918}.Debug|Any CPU.Build.0 = Debug|Any CPU
		{12ABCD53-5D9E-4EB0-8E7C-B3366B59C918}.Release|Any CPU.ActiveCfg = Release|Any CPU
		{12ABCD53-5D9E-4EB0-8E7C-B3366B59C918}.Release|Any CPU.Build.0 = Release|Any CPU
	EndGlobalSection
	GlobalSection(SolutionProperties) = preSolution
		HideSolutionNode = FALSE
	EndGlobalSection
	GlobalSection(ExtensibilityGlobals) = postSolution
		SolutionGuid = {2FE42FB9-125C-4E3E-97DF-73FF7EA750C7}
	EndGlobalSection
EndGlobal
